
Microsoft Visual Studio Solution File, Format Version 12.00
# Visual Studio Version 17
VisualStudioVersion = 17.0.31903.59
MinimumVisualStudioVersion = 10.0.40219.1
Project("{FAE04EC0-301F-11D3-BF4B-00C04F79EFBC}") = "ECommerce.Fulfillment.API", "ECommerce.Fulfillment.API\ECommerce.Fulfillment.API.csproj", "{2F7D4B96-D9A6-478F-A148-255409CEA7F6}"
EndProject
Project("{FAE04EC0-301F-11D3-BF4B-00C04F79EFBC}") = "Contracts", "..\..\building-blocks\Contracts\Contracts.csproj", "{6897022F-54B0-4FFB-A9FE-DC977C40FFD2}"
EndProject
Project("{FAE04EC0-301F-11D3-BF4B-00C04F79EFBC}") = "ECommerce.Fulfillment.Tests", "ECommerce.Fulfillment.Tests\ECommerce.Fulfillment.Tests.csproj", "{1D5928B8-FBFC-408F-B2DA-9CA85C50D0AB}"
EndProject
Project("{FAE04EC0-301F-11D3-BF4B-00C04F79EFBC}") = "ECommerce.Tests.Common", "..\..\building-blocks\Tests.Common\ECommerce.Tests.Common.csproj", "{22DF900A-51A7-4436-8CC8-FA7ACCC73E5F}"
EndProject
Global
	GlobalSection(SolutionConfigurationPlatforms) = preSolution
		Debug|Any CPU = Debug|Any CPU
		Debug|x64 = Debug|x64
		Debug|x86 = Debug|x86
		Release|Any CPU = Release|Any CPU
		Release|x64 = Release|x64
		Release|x86 = Release|x86
	EndGlobalSection
	GlobalSection(ProjectConfigurationPlatforms) = postSolution
		{2F7D4B96-D9A6-478F-A148-255409CEA7F6}.Debug|Any CPU.ActiveCfg = Debug|Any CPU
		{2F7D4B96-D9A6-478F-A148-255409CEA7F6}.Debug|Any CPU.Build.0 = Debug|Any CPU
		{2F7D4B96-D9A6-478F-A148-255409CEA7F6}.Debug|x64.ActiveCfg = Debug|Any CPU
		{2F7D4B96-D9A6-478F-A148-255409CEA7F6}.Debug|x64.Build.0 = Debug|Any CPU
		{2F7D4B96-D9A6-478F-A148-255409CEA7F6}.Debug|x86.ActiveCfg = Debug|Any CPU
		{2F7D4B96-D9A6-478F-A148-255409CEA7F6}.Debug|x86.Build.0 = Debug|Any CPU
		{2F7D4B96-D9A6-478F-A148-255409CEA7F6}.Release|Any CPU.ActiveCfg = Release|Any CPU
		{2F7D4B96-D9A6-478F-A148-255409CEA7F6}.Release|Any CPU.Build.0 = Release|Any CPU
		{2F7D4B96-D9A6-478F-A148-255409CEA7F6}.Release|x64.ActiveCfg = Release|Any CPU
		{2F7D4B96-D9A6-478F-A148-255409CEA7F6}.Release|x64.Build.0 = Release|Any CPU
		{2F7D4B96-D9A6-478F-A148-255409CEA7F6}.Release|x86.ActiveCfg = Release|Any CPU
		{2F7D4B96-D9A6-478F-A148-255409CEA7F6}.Release|x86.Build.0 = Release|Any CPU
		{6897022F-54B0-4FFB-A9FE-DC977C40FFD2}.Debug|Any CPU.ActiveCfg = Debug|Any CPU
		{6897022F-54B0-4FFB-A9FE-DC977C40FFD2}.Debug|Any CPU.Build.0 = Debug|Any CPU
		{6897022F-54B0-4FFB-A9FE-DC977C40FFD2}.Debug|x64.ActiveCfg = Debug|Any CPU
		{6897022F-54B0-4FFB-A9FE-DC977C40FFD2}.Debug|x64.Build.0 = Debug|Any CPU
		{6897022F-54B0-4FFB-A9FE-DC977C40FFD2}.Debug|x86.ActiveCfg = Debug|Any CPU
		{6897022F-54B0-4FFB-A9FE-DC977C40FFD2}.Debug|x86.Build.0 = Debug|Any CPU
		{6897022F-54B0-4FFB-A9FE-DC977C40FFD2}.Release|Any CPU.ActiveCfg = Release|Any CPU
		{6897022F-54B0-4FFB-A9FE-DC977C40FFD2}.Release|Any CPU.Build.0 = Release|Any CPU
		{6897022F-54B0-4FFB-A9FE-DC977C40FFD2}.Release|x64.ActiveCfg = Release|Any CPU
		{6897022F-54B0-4FFB-A9FE-DC977C40FFD2}.Release|x64.Build.0 = Release|Any CPU
		{6897022F-54B0-4FFB-A9FE-DC977C40FFD2}.Release|x86.ActiveCfg = Release|Any CPU
		{6897022F-54B0-4FFB-A9FE-DC977C40FFD2}.Release|x86.Build.0 = Release|Any CPU
		{1D5928B8-FBFC-408F-B2DA-9CA85C50D0AB}.Debug|Any CPU.ActiveCfg = Debug|Any CPU
		{1D5928B8-FBFC-408F-B2DA-9CA85C50D0AB}.Debug|Any CPU.Build.0 = Debug|Any CPU
		{1D5928B8-FBFC-408F-B2DA-9CA85C50D0AB}.Debug|x64.ActiveCfg = Debug|Any CPU
		{1D5928B8-FBFC-408F-B2DA-9CA85C50D0AB}.Debug|x64.Build.0 = Debug|Any CPU
		{1D5928B8-FBFC-408F-B2DA-9CA85C50D0AB}.Debug|x86.ActiveCfg = Debug|Any CPU
		{1D5928B8-FBFC-408F-B2DA-9CA85C50D0AB}.Debug|x86.Build.0 = Debug|Any CPU
		{1D5928B8-FBFC-408F-B2DA-9CA85C50D0AB}.Release|Any CPU.ActiveCfg = Release|Any CPU
		{1D5928B8-FBFC-408F-B2DA-9CA85C50D0AB}.Release|Any CPU.Build.0 = Release|Any CPU
		{1D5928B8-FBFC-408F-B2DA-9CA85C50D0AB}.Release|x64.ActiveCfg = Release|Any CPU
		{1D5928B8-FBFC-408F-B2DA-9CA85C50D0AB}.Release|x64.Build.0 = Release|Any CPU
		{1D5928B8-FBFC-408F-B2DA-9CA85C50D0AB}.Release|x86.ActiveCfg = Release|Any CPU
		{1D5928B8-FBFC-408F-B2DA-9CA85C50D0AB}.Release|x86.Build.0 = Release|Any CPU
		{22DF900A-51A7-4436-8CC8-FA7ACCC73E5F}.Debug|Any CPU.ActiveCfg = Debug|Any CPU
		{22DF900A-51A7-4436-8CC8-FA7ACCC73E5F}.Debug|Any CPU.Build.0 = Debug|Any CPU
		{22DF900A-51A7-4436-8CC8-FA7ACCC73E5F}.Debug|x64.ActiveCfg = Debug|Any CPU
		{22DF900A-51A7-4436-8CC8-FA7ACCC73E5F}.Debug|x64.Build.0 = Debug|Any CPU
		{22DF900A-51A7-4436-8CC8-FA7ACCC73E5F}.Debug|x86.ActiveCfg = Debug|Any CPU
		{22DF900A-51A7-4436-8CC8-FA7ACCC73E5F}.Debug|x86.Build.0 = Debug|Any CPU
		{22DF900A-51A7-4436-8CC8-FA7ACCC73E5F}.Release|Any CPU.ActiveCfg = Release|Any CPU
		{22DF900A-51A7-4436-8CC8-FA7ACCC73E5F}.Release|Any CPU.Build.0 = Release|Any CPU
		{22DF900A-51A7-4436-8CC8-FA7ACCC73E5F}.Release|x64.ActiveCfg = Release|Any CPU
		{22DF900A-51A7-4436-8CC8-FA7ACCC73E5F}.Release|x64.Build.0 = Release|Any CPU
		{22DF900A-51A7-4436-8CC8-FA7ACCC73E5F}.Release|x86.ActiveCfg = Release|Any CPU
		{22DF900A-51A7-4436-8CC8-FA7ACCC73E5F}.Release|x86.Build.0 = Release|Any CPU
	EndGlobalSection
	GlobalSection(SolutionProperties) = preSolution
		HideSolutionNode = FALSE
	EndGlobalSection
EndGlobal
